{
  "name": "@aida/core",
  "version": "0.0.1",
  "lockfileVersion": 1,
  "requires": true,
  "dependencies": {
    "axios": {
      "version": "0.17.1",
      "resolved": "https://registry.npmjs.org/axios/-/axios-0.17.1.tgz",
      "integrity": "sha1-LY4+XQvb1zJ/kbyBT1xXZg+Bgk0=",
      "requires": {
        "follow-redirects": "^1.2.5",
        "is-buffer": "^1.1.5"
      }
    },
    "axios-mock-adapter": {
      "version": "1.15.0",
      "resolved": "https://registry.npmjs.org/axios-mock-adapter/-/axios-mock-adapter-1.15.0.tgz",
      "integrity": "sha1-+8BoJdgwLJXDM00hAju6mWJV1F0=",
      "dev": true,
      "requires": {
        "deep-equal": "^1.0.1"
      }
    },
    "code-stringify": {
      "version": "1.2.3",
      "resolved": "https://registry.npmjs.org/code-stringify/-/code-stringify-1.2.3.tgz",
      "integrity": "sha1-4V9mo2p/NGRE7dJ9RcyRQ9PcDEQ="
    },
    "debug": {
      "version": "3.1.0",
      "resolved": "https://registry.npmjs.org/debug/-/debug-3.1.0.tgz",
      "integrity": "sha512-OX8XqP7/1a9cqkxYw2yXss15f26NKWBpDXQd0/uK/KPqdQhxbPa994hnzjcE2VqQpDslf55723cKPUOGSmMY3g==",
      "requires": {
        "ms": "2.0.0"
      }
    },
    "deep-equal": {
      "version": "1.0.1",
      "resolved": "https://registry.npmjs.org/deep-equal/-/deep-equal-1.0.1.tgz",
      "integrity": "sha1-9dJgKStmDghO/0zbyfCK0yR0SLU=",
      "dev": true
    },
    "faker": {
      "version": "4.1.0",
      "resolved": "https://registry.npmjs.org/faker/-/faker-4.1.0.tgz",
      "integrity": "sha1-HkW7vsxndLPBlfrSg1EJxtdIzD8="
    },
    "follow-redirects": {
      "version": "1.5.0",
      "resolved": "https://registry.npmjs.org/follow-redirects/-/follow-redirects-1.5.0.tgz",
      "integrity": "sha512-fdrt472/9qQ6Kgjvb935ig6vJCuofpBUD14f9Vb+SLlm7xIe4Qva5gey8EKtv8lp7ahE1wilg3xL1znpVGtZIA==",
      "requires": {
        "debug": "^3.1.0"
      }
    },
    "is-buffer": {
      "version": "1.1.6",
      "resolved": "https://registry.npmjs.org/is-buffer/-/is-buffer-1.1.6.tgz",
      "integrity": "sha512-NcdALwpXkTm5Zvvbk7owOUSvVvBKDgKP5/ewfXEznmQFfs4ZRmanOeKBTjRVjka3QFoN6XJ+9F3USqfHqTaU5w=="
    },
    "ms": {
      "version": "2.0.0",
      "resolved": "https://registry.npmjs.org/ms/-/ms-2.0.0.tgz",
      "integrity": "sha1-VgiurfwAvmwpAd9fmGF4jeDVl8g="
    },
    "querystringify": {
      "version": "2.0.0",
      "resolved": "https://registry.npmjs.org/querystringify/-/querystringify-2.0.0.tgz",
      "integrity": "sha512-eTPo5t/4bgaMNZxyjWx6N2a6AuE0mq51KWvpc7nU/MAqixcI6v6KrGUKES0HaomdnolQBBXU/++X6/QQ9KL4tw=="
    },
    "requires-port": {
      "version": "1.0.0",
      "resolved": "https://registry.npmjs.org/requires-port/-/requires-port-1.0.0.tgz",
      "integrity": "sha1-kl0mAdOaxIXgkc8NpcbmlNw9yv8="
    },
    "url-parse": {
      "version": "1.4.0",
      "resolved": "https://registry.npmjs.org/url-parse/-/url-parse-1.4.0.tgz",
      "integrity": "sha512-ERuGxDiQ6Xw/agN4tuoCRbmwRuZP0cJ1lJxJubXr5Q/5cDa78+Dc4wfvtxzhzhkm5VvmW6Mf8EVj9SPGN4l8Lg==",
      "requires": {
        "querystringify": "^2.0.0",
        "requires-port": "^1.0.0"
      }
    }
  }
}
